
Microsoft Visual Studio Solution File, Format Version 12.00
# Visual Studio 15
VisualStudioVersion = 15.0.28307.329
MinimumVisualStudioVersion = 10.0.40219.1
Project("{FAE04EC0-301F-11D3-BF4B-00C04F79EFBC}") = "Thinojosa_inclass05", "Thinojosa_inclass05\Thinojosa_inclass05.csproj", "{F4599B50-671D-4CA2-86D1-51A9598F8DEC}"
EndProject
Global
	GlobalSection(SolutionConfigurationPlatforms) = preSolution
		Debug|Any CPU = Debug|Any CPU
		Release|Any CPU = Release|Any CPU
	EndGlobalSection
	GlobalSection(ProjectConfigurationPlatforms) = postSolution
		{F4599B50-671D-4CA2-86D1-51A9598F8DEC}.Debug|Any CPU.ActiveCfg = Debug|Any CPU
		{F4599B50-671D-4CA2-86D1-51A9598F8DEC}.Debug|Any CPU.Build.0 = Debug|Any CPU
		{F4599B50-671D-4CA2-86D1-51A9598F8DEC}.Release|Any CPU.ActiveCfg = Release|Any CPU
		{F4599B50-671D-4CA2-86D1-51A9598F8DEC}.Release|Any CPU.Build.0 = Release|Any CPU
	EndGlobalSection
	GlobalSection(SolutionProperties) = preSolution
		HideSolutionNode = FALSE
	EndGlobalSection
	GlobalSection(ExtensibilityGlobals) = postSolution
		SolutionGuid = {85720E74-FB2E-4AEB-B2F9-4C32DD4E135B}
	EndGlobalSection
EndGlobal
